
Microsoft Visual Studio Solution File, Format Version 12.00
# Visual Studio Version 16
VisualStudioVersion = 16.0.30711.63
MinimumVisualStudioVersion = 10.0.40219.1
Project("{FAE04EC0-301F-11D3-BF4B-00C04F79EFBC}") = "imageListKomponenta", "imageListKomponenta\imageListKomponenta.csproj", "{77616D30-0328-4BDD-B6F8-2B813E43D90B}"
EndProject
Global
	GlobalSection(SolutionConfigurationPlatforms) = preSolution
		Debug|Any CPU = Debug|Any CPU
		Release|Any CPU = Release|Any CPU
	EndGlobalSection
	GlobalSection(ProjectConfigurationPlatforms) = postSolution
		{77616D30-0328-4BDD-B6F8-2B813E43D90B}.Debug|Any CPU.ActiveCfg = Debug|Any CPU
		{77616D30-0328-4BDD-B6F8-2B813E43D90B}.Debug|Any CPU.Build.0 = Debug|Any CPU
		{77616D30-0328-4BDD-B6F8-2B813E43D90B}.Release|Any CPU.ActiveCfg = Release|Any CPU
		{77616D30-0328-4BDD-B6F8-2B813E43D90B}.Release|Any CPU.Build.0 = Release|Any CPU
	EndGlobalSection
	GlobalSection(SolutionProperties) = preSolution
		HideSolutionNode = FALSE
	EndGlobalSection
	GlobalSection(ExtensibilityGlobals) = postSolution
		SolutionGuid = {8C20722C-2C59-4366-BCE9-0D98DD05EC87}
	EndGlobalSection
EndGlobal
